{
  "nodes": {
    "cmp-buffer": {
      "flake": false,
      "locked": {
        "lastModified": 1743497185,
        "narHash": "sha256-dG4U7MtnXThoa/PD+qFtCt76MQ14V1wX8GMYcvxEnbM=",
        "owner": "hrsh7th",
        "repo": "cmp-buffer",
        "rev": "b74fab3656eea9de20a9b8116afa3cfc4ec09657",
        "type": "github"
      },
      "original": {
        "owner": "hrsh7th",
        "repo": "cmp-buffer",
        "type": "github"
      }
    },
    "cmp-luasnip": {
      "flake": false,
      "locked": {
        "lastModified": 1730707109,
        "narHash": "sha256-86lKQPPyqFz8jzuLajjHMKHrYnwW6+QOcPyQEx6B+gw=",
        "owner": "saadparwaiz1",
        "repo": "cmp_luasnip",
        "rev": "98d9cb5c2c38532bd9bdb481067b20fea8f32e90",
        "type": "github"
      },
      "original": {
        "owner": "saadparwaiz1",
        "repo": "cmp_luasnip",
        "type": "github"
      }
    },
    "cmp-nvim-lsp": {
      "flake": false,
      "locked": {
        "lastModified": 1755085771,
        "narHash": "sha256-X1rppwf2xBPrmB93ptXukOnEBDZmfjJd4F5ObNa1DHs=",
        "owner": "hrsh7th",
        "repo": "cmp-nvim-lsp",
        "rev": "bd5a7d6db125d4654b50eeae9f5217f24bb22fd3",
        "type": "github"
      },
      "original": {
        "owner": "hrsh7th",
        "repo": "cmp-nvim-lsp",
        "type": "github"
      }
    },
    "cmp-path": {
      "flake": false,
      "locked": {
        "lastModified": 1753844861,
        "narHash": "sha256-e4Rd2y1Wekp7aobpTGaUeoSBnlfIASDaBR8js5dh2Vw=",
        "owner": "hrsh7th",
        "repo": "cmp-path",
        "rev": "c642487086dbd9a93160e1679a1327be111cbc25",
        "type": "github"
      },
      "original": {
        "owner": "hrsh7th",
        "repo": "cmp-path",
        "type": "github"
      }
    },
    "copilot-cmp": {
      "flake": false,
      "locked": {
        "lastModified": 1733947099,
        "narHash": "sha256-erRL8bY/zuwuCZfttw+avTrFV7pjv2H6v73NzY2bymM=",
        "owner": "zbirenbaum",
        "repo": "copilot-cmp",
        "rev": "15fc12af3d0109fa76b60b5cffa1373697e261d1",
        "type": "github"
      },
      "original": {
        "owner": "zbirenbaum",
        "repo": "copilot-cmp",
        "type": "github"
      }
    },
    "copilot-lua": {
      "flake": false,
      "locked": {
        "lastModified": 1760726160,
        "narHash": "sha256-LM7JFBhBQ9uSWODzVJYT29cT6ra5fLFz/5uoto4/K30=",
        "owner": "zbirenbaum",
        "repo": "copilot.lua",
        "rev": "3123983d00ae6859f8bc987d14ebb524bb41b618",
        "type": "github"
      },
      "original": {
        "owner": "zbirenbaum",
        "repo": "copilot.lua",
        "type": "github"
      }
    },
    "diffview-nvim": {
      "flake": false,
      "locked": {
        "lastModified": 1718279802,
        "narHash": "sha256-SX+ybIzL/w6uyCy4iZKnWnzTFwqB1oXSgyYVAdpdKi8=",
        "owner": "sindrets",
        "repo": "diffview.nvim",
        "rev": "4516612fe98ff56ae0415a259ff6361a89419b0a",
        "type": "github"
      },
      "original": {
        "owner": "sindrets",
        "repo": "diffview.nvim",
        "type": "github"
      }
    },
    "dressing-nvim": {
      "flake": false,
      "locked": {
        "lastModified": 1739381641,
        "narHash": "sha256-dBz+/gZA6O6fJy/GSgM6ZHGAR3MTGt/W1olzzTYRlgM=",
        "owner": "stevearc",
        "repo": "dressing.nvim",
        "rev": "2d7c2db2507fa3c4956142ee607431ddb2828639",
        "type": "github"
      },
      "original": {
        "owner": "stevearc",
        "repo": "dressing.nvim",
        "type": "github"
      }
    },
    "elixir-tools-nvim": {
      "flake": false,
      "locked": {
        "lastModified": 1760466693,
        "narHash": "sha256-FBhSMEaa/CwBMnuyUr8Q+flRo64onAt9mGYUNtM0mZs=",
        "owner": "elixir-tools",
        "repo": "elixir-tools.nvim",
        "rev": "b51b48edc668924a6b2f6610f9a0aff34741d20e",
        "type": "github"
      },
      "original": {
        "owner": "elixir-tools",
        "repo": "elixir-tools.nvim",
        "type": "github"
      }
    },
    "flake-compat": {
      "flake": false,
      "locked": {
        "lastModified": 1696426674,
        "narHash": "sha256-kvjfFW7WAETZlt09AgDn1MrtKzP7t90Vf7vypd3OL1U=",
        "owner": "edolstra",
        "repo": "flake-compat",
        "rev": "0f9255e01c2351cc7d116c072cb317785dd33b33",
        "type": "github"
      },
      "original": {
        "owner": "edolstra",
        "repo": "flake-compat",
        "type": "github"
      }
    },
    "flake-parts": {
      "inputs": {
        "nixpkgs-lib": "nixpkgs-lib"
      },
      "locked": {
        "lastModified": 1717285511,
        "narHash": "sha256-iKzJcpdXih14qYVcZ9QC9XuZYnPc6T8YImb6dX166kw=",
        "owner": "hercules-ci",
        "repo": "flake-parts",
        "rev": "2a55567fcf15b1b1c7ed712a2c6fadaec7412ea8",
        "type": "github"
      },
      "original": {
        "owner": "hercules-ci",
        "repo": "flake-parts",
        "type": "github"
      }
    },
    "flake-utils": {
      "inputs": {
        "systems": "systems"
      },
      "locked": {
        "lastModified": 1731533236,
        "narHash": "sha256-l0KFg5HjrsfsO/JpG+r7fRrqm12kzFHyUHqHCVpMMbI=",
        "owner": "numtide",
        "repo": "flake-utils",
        "rev": "11707dc2f618dd54ca8739b309ec4fc024de578b",
        "type": "github"
      },
      "original": {
        "owner": "numtide",
        "repo": "flake-utils",
        "type": "github"
      }
    },
    "friendly-snippets": {
      "flake": false,
      "locked": {
        "lastModified": 1745949052,
        "narHash": "sha256-FzApcTbWfFkBD9WsYMhaCyn6ky8UmpUC2io/co/eByM=",
        "owner": "rafamadriz",
        "repo": "friendly-snippets",
        "rev": "572f5660cf05f8cd8834e096d7b4c921ba18e175",
        "type": "github"
      },
      "original": {
        "owner": "rafamadriz",
        "repo": "friendly-snippets",
        "type": "github"
      }
    },
    "gen-luarc": {
      "inputs": {
        "flake-parts": "flake-parts",
        "git-hooks": "git-hooks",
        "luvit-meta": "luvit-meta",
        "nixpkgs": "nixpkgs"
      },
      "locked": {
        "lastModified": 1755304025,
        "narHash": "sha256-xVKfjFwc0zMbLMjLTiHz+0llggkjs93SmHkhaa9S3M4=",
        "owner": "mrcjkb",
        "repo": "nix-gen-luarc-json",
        "rev": "1865b0ebb753ae5324d7381b1fa8c98c04ec7509",
        "type": "github"
      },
      "original": {
        "owner": "mrcjkb",
        "repo": "nix-gen-luarc-json",
        "type": "github"
      }
    },
    "git-hooks": {
      "inputs": {
        "flake-compat": "flake-compat",
        "gitignore": "gitignore",
        "nixpkgs": [
          "gen-luarc",
          "nixpkgs"
        ],
        "nixpkgs-stable": "nixpkgs-stable"
      },
      "locked": {
        "lastModified": 1723803910,
        "narHash": "sha256-yezvUuFiEnCFbGuwj/bQcqg7RykIEqudOy/RBrId0pc=",
        "owner": "cachix",
        "repo": "git-hooks.nix",
        "rev": "bfef0ada09e2c8ac55bbcd0831bd0c9d42e651ba",
        "type": "github"
      },
      "original": {
        "owner": "cachix",
        "repo": "git-hooks.nix",
        "type": "github"
      }
    },
    "gitignore": {
      "inputs": {
        "nixpkgs": [
          "gen-luarc",
          "git-hooks",
          "nixpkgs"
        ]
      },
      "locked": {
        "lastModified": 1709087332,
        "narHash": "sha256-HG2cCnktfHsKV0s4XW83gU3F57gaTljL9KNSuG6bnQs=",
        "owner": "hercules-ci",
        "repo": "gitignore.nix",
        "rev": "637db329424fd7e46cf4185293b9cc8c88c95394",
        "type": "github"
      },
      "original": {
        "owner": "hercules-ci",
        "repo": "gitignore.nix",
        "type": "github"
      }
    },
    "gitsigns-nvim": {
      "flake": false,
      "locked": {
        "lastModified": 1760888451,
        "narHash": "sha256-eGpB7YYWbyCCGYXEYAM432srSp/lUo5C1b0J3OYjwnY=",
        "owner": "lewis6991",
        "repo": "gitsigns.nvim",
        "rev": "20ad4419564d6e22b189f6738116b38871082332",
        "type": "github"
      },
      "original": {
        "owner": "lewis6991",
        "repo": "gitsigns.nvim",
        "type": "github"
      }
    },
    "lualine-nvim": {
      "flake": false,
      "locked": {
        "lastModified": 1760596863,
        "narHash": "sha256-hdrAdG3hC2sAevQ6a9xizqPgEgnNKxuc5rBYn0pKM1c=",
        "owner": "nvim-lualine",
        "repo": "lualine.nvim",
        "rev": "3946f0122255bc377d14a59b27b609fb3ab25768",
        "type": "github"
      },
      "original": {
        "owner": "nvim-lualine",
        "repo": "lualine.nvim",
        "type": "github"
      }
    },
    "luasnip": {
      "flake": false,
      "locked": {
        "lastModified": 1761039842,
        "narHash": "sha256-ovvtTZgqL6MFvuI3byx+boWm6ErZX06+v6a3VoctREc=",
        "owner": "L3MON4D3",
        "repo": "LuaSnip",
        "rev": "ccf25a5452b8697a823de3e5ecda63ed3d723b79",
        "type": "github"
      },
      "original": {
        "owner": "L3MON4D3",
        "repo": "LuaSnip",
        "type": "github"
      }
    },
    "luvit-meta": {
      "flake": false,
      "locked": {
        "lastModified": 1705776742,
        "narHash": "sha256-zAAptV/oLuLAAsa2zSB/6fxlElk4+jNZd/cPr9oxFig=",
        "owner": "Bilal2453",
        "repo": "luvit-meta",
        "rev": "ce76f6f6cdc9201523a5875a4471dcfe0186eb60",
        "type": "github"
      },
      "original": {
        "owner": "Bilal2453",
        "repo": "luvit-meta",
        "type": "github"
      }
    },
    "neo-tree-nvim": {
      "flake": false,
      "locked": {
        "lastModified": 1761126411,
        "narHash": "sha256-8QEWMWTADRc29M1OJrYf1uTVRbFTiyYQcg/oG28lnfc=",
        "owner": "nvim-neo-tree",
        "repo": "neo-tree.nvim",
        "rev": "0d0b29a529216d41173c9c5c8a8f484db5b891ba",
        "type": "github"
      },
      "original": {
        "owner": "nvim-neo-tree",
        "repo": "neo-tree.nvim",
        "type": "github"
      }
    },
    "nixpkgs": {
      "locked": {
        "lastModified": 1718714799,
        "narHash": "sha256-FUZpz9rg3gL8NVPKbqU8ei1VkPLsTIfAJ2fdAf5qjak=",
        "owner": "nixos",
        "repo": "nixpkgs",
        "rev": "c00d587b1a1afbf200b1d8f0b0e4ba9deb1c7f0e",
        "type": "github"
      },
      "original": {
        "owner": "nixos",
        "ref": "nixos-unstable",
        "repo": "nixpkgs",
        "type": "github"
      }
    },
    "nixpkgs-lib": {
      "locked": {
        "lastModified": 1717284937,
        "narHash": "sha256-lIbdfCsf8LMFloheeE6N31+BMIeixqyQWbSr2vk79EQ=",
        "type": "tarball",
        "url": "https://github.com/NixOS/nixpkgs/archive/eb9ceca17df2ea50a250b6b27f7bf6ab0186f198.tar.gz"
      },
      "original": {
        "type": "tarball",
        "url": "https://github.com/NixOS/nixpkgs/archive/eb9ceca17df2ea50a250b6b27f7bf6ab0186f198.tar.gz"
      }
    },
    "nixpkgs-stable": {
      "locked": {
        "lastModified": 1720386169,
        "narHash": "sha256-NGKVY4PjzwAa4upkGtAMz1npHGoRzWotlSnVlqI40mo=",
        "owner": "NixOS",
        "repo": "nixpkgs",
        "rev": "194846768975b7ad2c4988bdb82572c00222c0d7",
        "type": "github"
      },
      "original": {
        "owner": "NixOS",
        "ref": "nixos-24.05",
        "repo": "nixpkgs",
        "type": "github"
      }
    },
    "nixpkgs_2": {
      "locked": {
        "lastModified": 1761114652,
        "narHash": "sha256-f/QCJM/YhrV/lavyCVz8iU3rlZun6d+dAiC3H+CDle4=",
        "owner": "NixOS",
        "repo": "nixpkgs",
        "rev": "01f116e4df6a15f4ccdffb1bcd41096869fb385c",
        "type": "github"
      },
      "original": {
        "owner": "NixOS",
        "ref": "nixos-unstable",
        "repo": "nixpkgs",
        "type": "github"
      }
    },
    "noice-nvim": {
      "flake": false,
      "locked": {
        "lastModified": 1761023348,
        "narHash": "sha256-1BW1yQ8yd/HF127CAqIC7ZayJJ2T+j6YCXQWm3vHrhQ=",
        "owner": "folke",
        "repo": "noice.nvim",
        "rev": "c86aea584d98be7ee1167ce4d4ef946fbd7f3ae0",
        "type": "github"
      },
      "original": {
        "owner": "folke",
        "repo": "noice.nvim",
        "type": "github"
      }
    },
    "nvim-cmp": {
      "flake": false,
      "locked": {
        "lastModified": 1760792454,
        "narHash": "sha256-wkESSNUViVI5DE+3t4AVTaSLQ/hTB43vrm+PH6uA8H4=",
        "owner": "hrsh7th",
        "repo": "nvim-cmp",
        "rev": "a7bcf1d88069fc67c9ace8a62ba480b8fe879025",
        "type": "github"
      },
      "original": {
        "owner": "hrsh7th",
        "repo": "nvim-cmp",
        "type": "github"
      }
    },
    "nvim-lspconfig": {
      "flake": false,
      "locked": {
        "lastModified": 1761228387,
        "narHash": "sha256-wxlqAN0wzETHMBCSxVIUzCB7F39et8a9ekWEb8fzJAI=",
        "owner": "neovim",
        "repo": "nvim-lspconfig",
        "rev": "ececa531ecae813422697b5ef627a11cc964c2a7",
        "type": "github"
      },
      "original": {
        "owner": "neovim",
        "repo": "nvim-lspconfig",
        "type": "github"
      }
    },
    "nvim-treesitter": {
      "flake": false,
      "locked": {
        "lastModified": 1748094813,
        "narHash": "sha256-CVs9FTdg3oKtRjz2YqwkMr0W5qYLGfVyxyhE3qnGYbI=",
        "owner": "nvim-treesitter",
        "repo": "nvim-treesitter",
        "rev": "42fc28ba918343ebfd5565147a42a26580579482",
        "type": "github"
      },
      "original": {
        "owner": "nvim-treesitter",
        "repo": "nvim-treesitter",
        "type": "github"
      }
    },
    "nvim-web-devicons": {
      "flake": false,
      "locked": {
        "lastModified": 1759188261,
        "narHash": "sha256-lVrakFrpIP9lp7sMfMb33KeMPIkcn1qBFVytJzKCfuE=",
        "owner": "nvim-tree",
        "repo": "nvim-web-devicons",
        "rev": "b8221e42cf7287c4dcde81f232f58d7b947c210d",
        "type": "github"
      },
      "original": {
        "owner": "nvim-tree",
        "repo": "nvim-web-devicons",
        "type": "github"
      }
    },
    "plenary-nvim": {
      "flake": false,
      "locked": {
        "lastModified": 1753570668,
        "narHash": "sha256-9Un7ekhBxcnmFE1xjCCFTZ7eqIbmXvQexpnhduAg4M0=",
        "owner": "nvim-lua",
        "repo": "plenary.nvim",
        "rev": "b9fd5226c2f76c951fc8ed5923d85e4de065e509",
        "type": "github"
      },
      "original": {
        "owner": "nvim-lua",
        "repo": "plenary.nvim",
        "type": "github"
      }
    },
    "root": {
      "inputs": {
        "cmp-buffer": "cmp-buffer",
        "cmp-luasnip": "cmp-luasnip",
        "cmp-nvim-lsp": "cmp-nvim-lsp",
        "cmp-path": "cmp-path",
        "copilot-cmp": "copilot-cmp",
        "copilot-lua": "copilot-lua",
        "diffview-nvim": "diffview-nvim",
        "dressing-nvim": "dressing-nvim",
        "elixir-tools-nvim": "elixir-tools-nvim",
        "flake-utils": "flake-utils",
        "friendly-snippets": "friendly-snippets",
        "gen-luarc": "gen-luarc",
        "gitsigns-nvim": "gitsigns-nvim",
        "lualine-nvim": "lualine-nvim",
        "luasnip": "luasnip",
        "neo-tree-nvim": "neo-tree-nvim",
        "nixpkgs": "nixpkgs_2",
        "noice-nvim": "noice-nvim",
        "nvim-cmp": "nvim-cmp",
        "nvim-lspconfig": "nvim-lspconfig",
        "nvim-treesitter": "nvim-treesitter",
        "nvim-web-devicons": "nvim-web-devicons",
        "plenary-nvim": "plenary-nvim",
        "telescope-fzf-native": "telescope-fzf-native",
        "telescope-nvim": "telescope-nvim",
        "wf-nvim": "wf-nvim",
        "which-key-nvim": "which-key-nvim"
      }
    },
    "systems": {
      "locked": {
        "lastModified": 1681028828,
        "narHash": "sha256-Vy1rq5AaRuLzOxct8nz4T6wlgyUR7zLU309k9mBC768=",
        "owner": "nix-systems",
        "repo": "default",
        "rev": "da67096a3b9bf56a91d16901293e51ba5b49a27e",
        "type": "github"
      },
      "original": {
        "owner": "nix-systems",
        "repo": "default",
        "type": "github"
      }
    },
    "telescope-fzf-native": {
      "flake": false,
      "locked": {
        "lastModified": 1741765009,
        "narHash": "sha256-Zyv8ikxdwoUiDD0zsqLzfhBVOm/nKyJdZpndxXEB6ow=",
        "owner": "nvim-telescope",
        "repo": "telescope-fzf-native.nvim",
        "rev": "1f08ed60cafc8f6168b72b80be2b2ea149813e55",
        "type": "github"
      },
      "original": {
        "owner": "nvim-telescope",
        "repo": "telescope-fzf-native.nvim",
        "type": "github"
      }
    },
    "telescope-nvim": {
      "flake": false,
      "locked": {
        "lastModified": 1747012888,
        "narHash": "sha256-JpW0ehsX81yVbKNzrYOe1hdgVMs6oaaxMLH6lECnOJg=",
        "owner": "nvim-telescope",
        "repo": "telescope.nvim",
        "rev": "b4da76be54691e854d3e0e02c36b0245f945c2c7",
        "type": "github"
      },
      "original": {
        "owner": "nvim-telescope",
        "repo": "telescope.nvim",
        "type": "github"
      }
    },
    "wf-nvim": {
      "flake": false,
      "locked": {
        "lastModified": 1732350613,
        "narHash": "sha256-ZnGshcI1jYORck/E7GHc8gOETYwBo0YdUB3jUcvn3pc=",
        "owner": "Cassin01",
        "repo": "wf.nvim",
        "rev": "5b96c7300d4391f990d4bef22eace9d834167da4",
        "type": "github"
      },
      "original": {
        "owner": "Cassin01",
        "repo": "wf.nvim",
        "type": "github"
      }
    },
    "which-key-nvim": {
      "flake": false,
      "locked": {
        "lastModified": 1759952076,
        "narHash": "sha256-N31+V5L0gd+TUo9nVtNGRmMVmM9fMxOwldCfuLYT4hU=",
        "owner": "folke",
        "repo": "which-key.nvim",
        "rev": "b4177e3eaf15fe5eb8357ebac2286d488be1ed00",
        "type": "github"
      },
      "original": {
        "owner": "folke",
        "repo": "which-key.nvim",
        "type": "github"
      }
    }
  },
  "root": "root",
  "version": 7
}
